// !$*UTF8*$!
{
	archiveVersion = 1;
	classes = {
	};
	objectVersion = 48;
	objects = {

/* Begin PBXBuildFile section */
		BB16F2721FC9456600AF2F70 /* AppDelegate.swift in Sources */ = {isa = PBXBuildFile; fileRef = BB16F2711FC9456600AF2F70 /* AppDelegate.swift */; };
		BB16F2771FC9456600AF2F70 /* Main.storyboard in Resources */ = {isa = PBXBuildFile; fileRef = BB16F2751FC9456600AF2F70 /* Main.storyboard */; };
		BB16F2791FC9456600AF2F70 /* Assets.xcassets in Resources */ = {isa = PBXBuildFile; fileRef = BB16F2781FC9456600AF2F70 /* Assets.xcassets */; };
		BB16F27C1FC9456600AF2F70 /* LaunchScreen.storyboard in Resources */ = {isa = PBXBuildFile; fileRef = BB16F27A1FC9456600AF2F70 /* LaunchScreen.storyboard */; };
		BB5D62761FC949E90055F4F5 /* MapViewController.swift in Sources */ = {isa = PBXBuildFile; fileRef = BB5D62751FC949E90055F4F5 /* MapViewController.swift */; };
		BB5D62781FC949FF0055F4F5 /* MapView.swift in Sources */ = {isa = PBXBuildFile; fileRef = BB5D62771FC949FF0055F4F5 /* MapView.swift */; };
		BB5D627A1FC94AC90055F4F5 /* MapSearchBarView.swift in Sources */ = {isa = PBXBuildFile; fileRef = BB5D62791FC94AC90055F4F5 /* MapSearchBarView.swift */; };
		FA18369F74589806E90A81A4 /* Pods_App.framework in Frameworks */ = {isa = PBXBuildFile; fileRef = 4E95E6C2494DCA155296C797 /* Pods_App.framework */; };
/* End PBXBuildFile section */

/* Begin PBXFileReference section */
		49B363368DB419F8D4C791A6 /* Pods-App.release.xcconfig */ = {isa = PBXFileReference; includeInIndex = 1; lastKnownFileType = text.xcconfig; name = "Pods-App.release.xcconfig"; path = "Pods/Target Support Files/Pods-App/Pods-App.release.xcconfig"; sourceTree = "<group>"; };
		4E95E6C2494DCA155296C797 /* Pods_App.framework */ = {isa = PBXFileReference; explicitFileType = wrapper.framework; includeInIndex = 0; path = Pods_App.framework; sourceTree = BUILT_PRODUCTS_DIR; };
		BB16F26E1FC9456600AF2F70 /* App.app */ = {isa = PBXFileReference; explicitFileType = wrapper.application; includeInIndex = 0; path = App.app; sourceTree = BUILT_PRODUCTS_DIR; };
		BB16F2711FC9456600AF2F70 /* AppDelegate.swift */ = {isa = PBXFileReference; lastKnownFileType = sourcecode.swift; path = AppDelegate.swift; sourceTree = "<group>"; };
		BB16F2761FC9456600AF2F70 /* Base */ = {isa = PBXFileReference; lastKnownFileType = file.storyboard; name = Base; path = Base.lproj/Main.storyboard; sourceTree = "<group>"; };
		BB16F2781FC9456600AF2F70 /* Assets.xcassets */ = {isa = PBXFileReference; lastKnownFileType = folder.assetcatalog; path = Assets.xcassets; sourceTree = "<group>"; };
		BB16F27B1FC9456600AF2F70 /* Base */ = {isa = PBXFileReference; lastKnownFileType = file.storyboard; name = Base; path = Base.lproj/LaunchScreen.storyboard; sourceTree = "<group>"; };
		BB16F27D1FC9456600AF2F70 /* Info.plist */ = {isa = PBXFileReference; lastKnownFileType = text.plist.xml; path = Info.plist; sourceTree = "<group>"; };
		BB5D62751FC949E90055F4F5 /* MapViewController.swift */ = {isa = PBXFileReference; lastKnownFileType = sourcecode.swift; path = MapViewController.swift; sourceTree = "<group>"; };
		BB5D62771FC949FF0055F4F5 /* MapView.swift */ = {isa = PBXFileReference; lastKnownFileType = sourcecode.swift; path = MapView.swift; sourceTree = "<group>"; };
		BB5D62791FC94AC90055F4F5 /* MapSearchBarView.swift */ = {isa = PBXFileReference; lastKnownFileType = sourcecode.swift; path = MapSearchBarView.swift; sourceTree = "<group>"; };
		DB5B71C0DB595E64BCA2E353 /* Pods-App.debug.xcconfig */ = {isa = PBXFileReference; includeInIndex = 1; lastKnownFileType = text.xcconfig; name = "Pods-App.debug.xcconfig"; path = "Pods/Target Support Files/Pods-App/Pods-App.debug.xcconfig"; sourceTree = "<group>"; };
/* End PBXFileReference section */

/* Begin PBXFrameworksBuildPhase section */
		BB16F26B1FC9456600AF2F70 /* Frameworks */ = {
			isa = PBXFrameworksBuildPhase;
			buildActionMask = 2147483647;
			files = (
				FA18369F74589806E90A81A4 /* Pods_App.framework in Frameworks */,
			);
			runOnlyForDeploymentPostprocessing = 0;
		};
/* End PBXFrameworksBuildPhase section */

/* Begin PBXGroup section */
		95EE0C5AB1556F607BBD8359 /* Frameworks */ = {
			isa = PBXGroup;
			children = (
				4E95E6C2494DCA155296C797 /* Pods_App.framework */,
			);
			name = Frameworks;
			sourceTree = "<group>";
		};
		BB16F2651FC9456600AF2F70 = {
			isa = PBXGroup;
			children = (
				BB16F2701FC9456600AF2F70 /* App */,
				BB16F26F1FC9456600AF2F70 /* Products */,
				F2FD0A2FDD47237D85A01923 /* Pods */,
				95EE0C5AB1556F607BBD8359 /* Frameworks */,
			);
			sourceTree = "<group>";
		};
		BB16F26F1FC9456600AF2F70 /* Products */ = {
			isa = PBXGroup;
			children = (
				BB16F26E1FC9456600AF2F70 /* App.app */,
			);
			name = Products;
			sourceTree = "<group>";
		};
		BB16F2701FC9456600AF2F70 /* App */ = {
			isa = PBXGroup;
			children = (
				BB5D62741FC949DF0055F4F5 /* Map */,
				BB16F2711FC9456600AF2F70 /* AppDelegate.swift */,
				BB16F2751FC9456600AF2F70 /* Main.storyboard */,
				BB16F2781FC9456600AF2F70 /* Assets.xcassets */,
				BB16F27A1FC9456600AF2F70 /* LaunchScreen.storyboard */,
				BB16F27D1FC9456600AF2F70 /* Info.plist */,
			);
			path = App;
			sourceTree = "<group>";
		};
		BB5D62741FC949DF0055F4F5 /* Map */ = {
			isa = PBXGroup;
			children = (
				BB5D62751FC949E90055F4F5 /* MapViewController.swift */,
				BB5D62771FC949FF0055F4F5 /* MapView.swift */,
				BB5D62791FC94AC90055F4F5 /* MapSearchBarView.swift */,
			);
			path = Map;
			sourceTree = "<group>";
		};
		F2FD0A2FDD47237D85A01923 /* Pods */ = {
			isa = PBXGroup;
			children = (
				DB5B71C0DB595E64BCA2E353 /* Pods-App.debug.xcconfig */,
				49B363368DB419F8D4C791A6 /* Pods-App.release.xcconfig */,
			);
			name = Pods;
			sourceTree = "<group>";
		};
/* End PBXGroup section */

/* Begin PBXNativeTarget section */
		BB16F26D1FC9456600AF2F70 /* App */ = {
			isa = PBXNativeTarget;
			buildConfigurationList = BB16F2801FC9456600AF2F70 /* Build configuration list for PBXNativeTarget "App" */;
			buildPhases = (
				7A22290234C3860A32E8F389 /* [CP] Check Pods Manifest.lock */,
				BB16F26A1FC9456600AF2F70 /* Sources */,
				BB16F26B1FC9456600AF2F70 /* Frameworks */,
				BB16F26C1FC9456600AF2F70 /* Resources */,
				CBACB92367C13CFCCD13FBFE /* [CP] Embed Pods Frameworks */,
				69FE3E763F6A601A0FA9618D /* [CP] Copy Pods Resources */,
			);
			buildRules = (
			);
			dependencies = (
			);
			name = App;
			productName = App;
			productReference = BB16F26E1FC9456600AF2F70 /* App.app */;
			productType = "com.apple.product-type.application";
		};
/* End PBXNativeTarget section */

/* Begin PBXProject section */
		BB16F2661FC9456600AF2F70 /* Project object */ = {
			isa = PBXProject;
			attributes = {
				LastSwiftUpdateCheck = 0910;
				LastUpgradeCheck = 0910;
				ORGANIZATIONNAME = "Remi Robert";
				TargetAttributes = {
					BB16F26D1FC9456600AF2F70 = {
						CreatedOnToolsVersion = 9.1;
						ProvisioningStyle = Automatic;
					};
				};
			};
			buildConfigurationList = BB16F2691FC9456600AF2F70 /* Build configuration list for PBXProject "App" */;
			compatibilityVersion = "Xcode 8.0";
			developmentRegion = en;
			hasScannedForEncodings = 0;
			knownRegions = (
				en,
				Base,
			);
			mainGroup = BB16F2651FC9456600AF2F70;
			productRefGroup = BB16F26F1FC9456600AF2F70 /* Products */;
			projectDirPath = "";
			projectRoot = "";
			targets = (
				BB16F26D1FC9456600AF2F70 /* App */,
			);
		};
/* End PBXProject section */

/* Begin PBXResourcesBuildPhase section */
		BB16F26C1FC9456600AF2F70 /* Resources */ = {
			isa = PBXResourcesBuildPhase;
			buildActionMask = 2147483647;
			files = (
				BB16F27C1FC9456600AF2F70 /* LaunchScreen.storyboard in Resources */,
				BB16F2791FC9456600AF2F70 /* Assets.xcassets in Resources */,
				BB16F2771FC9456600AF2F70 /* Main.storyboard in Resources */,
			);
			runOnlyForDeploymentPostprocessing = 0;
		};
/* End PBXResourcesBuildPhase section */

/* Begin PBXShellScriptBuildPhase section */
		69FE3E763F6A601A0FA9618D /* [CP] Copy Pods Resources */ = {
			isa = PBXShellScriptBuildPhase;
			buildActionMask = 2147483647;
			files = (
			);
			inputPaths = (
			);
			name = "[CP] Copy Pods Resources";
			outputPaths = (
			);
			runOnlyForDeploymentPostprocessing = 0;
			shellPath = /bin/sh;
			shellScript = "\"${SRCROOT}/Pods/Target Support Files/Pods-App/Pods-App-resources.sh\"\n";
			showEnvVarsInLog = 0;
		};
		7A22290234C3860A32E8F389 /* [CP] Check Pods Manifest.lock */ = {
			isa = PBXShellScriptBuildPhase;
			buildActionMask = 2147483647;
			files = (
			);
			inputPaths = (
				"${PODS_PODFILE_DIR_PATH}/Podfile.lock",
				"${PODS_ROOT}/Manifest.lock",
			);
			name = "[CP] Check Pods Manifest.lock";
			outputPaths = (
				"$(DERIVED_FILE_DIR)/Pods-App-checkManifestLockResult.txt",
			);
			runOnlyForDeploymentPostprocessing = 0;
			shellPath = /bin/sh;
			shellScript = "diff \"${PODS_PODFILE_DIR_PATH}/Podfile.lock\" \"${PODS_ROOT}/Manifest.lock\" > /dev/null\nif [ $? != 0 ] ; then\n    # print error to STDERR\n    echo \"error: The sandbox is not in sync with the Podfile.lock. Run 'pod install' or update your CocoaPods installation.\" >&2\n    exit 1\nfi\n# This output is used by Xcode 'outputs' to avoid re-running this script phase.\necho \"SUCCESS\" > \"${SCRIPT_OUTPUT_FILE_0}\"\n";
			showEnvVarsInLog = 0;
		};
		CBACB92367C13CFCCD13FBFE /* [CP] Embed Pods Frameworks */ = {
			isa = PBXShellScriptBuildPhase;
			buildActionMask = 2147483647;
			files = (
			);
			inputPaths = (
				"${SRCROOT}/Pods/Target Support Files/Pods-App/Pods-App-frameworks.sh",
				"${BUILT_PRODUCTS_DIR}/SnapKit/SnapKit.framework",
			);
			name = "[CP] Embed Pods Frameworks";
			outputPaths = (
				"${TARGET_BUILD_DIR}/${FRAMEWORKS_FOLDER_PATH}/SnapKit.framework",
			);
			runOnlyForDeploymentPostprocessing = 0;
			shellPath = /bin/sh;
			shellScript = "\"${SRCROOT}/Pods/Target Support Files/Pods-App/Pods-App-frameworks.sh\"\n";
			showEnvVarsInLog = 0;
		};
/* End PBXShellScriptBuildPhase section */

/* Begin PBXSourcesBuildPhase section */
		BB16F26A1FC9456600AF2F70 /* Sources */ = {
			isa = PBXSourcesBuildPhase;
			buildActionMask = 2147483647;
			files = (
				BB16F2721FC9456600AF2F70 /* AppDelegate.swift in Sources */,
				BB5D627A1FC94AC90055F4F5 /* MapSearchBarView.swift in Sources */,
				BB5D62781FC949FF0055F4F5 /* MapView.swift in Sources */,
				BB5D62761FC949E90055F4F5 /* MapViewController.swift in Sources */,
			);
			runOnlyForDeploymentPostprocessing = 0;
		};
/* End PBXSourcesBuildPhase section */

/* Begin PBXVariantGroup section */
		BB16F2751FC9456600AF2F70 /* Main.storyboard */ = {
			isa = PBXVariantGroup;
			children = (
				BB16F2761FC9456600AF2F70 /* Base */,
			);
			name = Main.storyboard;
			sourceTree = "<group>";
		};
		BB16F27A1FC9456600AF2F70 /* LaunchScreen.storyboard */ = {
			isa = PBXVariantGroup;
			children = (
				BB16F27B1FC9456600AF2F70 /* Base */,
			);
			name = LaunchScreen.storyboard;
			sourceTree = "<group>";
		};
/* End PBXVariantGroup section */

/* Begin XCBuildConfiguration section */
		BB16F27E1FC9456600AF2F70 /* Debug */ = {
			isa = XCBuildConfiguration;
			buildSettings = {
				ALWAYS_SEARCH_USER_PATHS = NO;
				CLANG_ANALYZER_NONNULL = YES;
				CLANG_ANALYZER_NUMBER_OBJECT_CONVERSION = YES_AGGRESSIVE;
				CLANG_CXX_LANGUAGE_STANDARD = "gnu++14";
				CLANG_CXX_LIBRARY = "libc++";
				CLANG_ENABLE_MODULES = YES;
				CLANG_ENABLE_OBJC_ARC = YES;
				CLANG_WARN_BLOCK_CAPTURE_AUTORELEASING = YES;
				CLANG_WARN_BOOL_CONVERSION = YES;
				CLANG_WARN_COMMA = YES;
				CLANG_WARN_CONSTANT_CONVERSION = YES;
				CLANG_WARN_DIRECT_OBJC_ISA_USAGE = YES_ERROR;
				CLANG_WARN_DOCUMENTATION_COMMENTS = YES;
				CLANG_WARN_EMPTY_BODY = YES;
				CLANG_WARN_ENUM_CONVERSION = YES;
				CLANG_WARN_INFINITE_RECURSION = YES;
				CLANG_WARN_INT_CONVERSION = YES;
				CLANG_WARN_NON_LITERAL_NULL_CONVERSION = YES;
				CLANG_WARN_OBJC_LITERAL_CONVERSION = YES;
				CLANG_WARN_OBJC_ROOT_CLASS = YES_ERROR;
				CLANG_WARN_RANGE_LOOP_ANALYSIS = YES;
				CLANG_WARN_STRICT_PROTOTYPES = YES;
				CLANG_WARN_SUSPICIOUS_MOVE = YES;
				CLANG_WARN_UNGUARDED_AVAILABILITY = YES_AGGRESSIVE;
				CLANG_WARN_UNREACHABLE_CODE = YES;
				CLANG_WARN__DUPLICATE_METHOD_MATCH = YES;
				CODE_SIGN_IDENTITY = "iPhone Developer";
				COPY_PHASE_STRIP = NO;
				DEBUG_INFORMATION_FORMAT = dwarf;
				ENABLE_STRICT_OBJC_MSGSEND = YES;
				ENABLE_TESTABILITY = YES;
				GCC_C_LANGUAGE_STANDARD = gnu11;
				GCC_DYNAMIC_NO_PIC = NO;
				GCC_NO_COMMON_BLOCKS = YES;
				GCC_OPTIMIZATION_LEVEL = 0;
				GCC_PREPROCESSOR_DEFINITIONS = (
					"DEBUG=1",
					"$(inherited)",
				);
				GCC_WARN_64_TO_32_BIT_CONVERSION = YES;
				GCC_WARN_ABOUT_RETURN_TYPE = YES_ERROR;
				GCC_WARN_UNDECLARED_SELECTOR = YES;
				GCC_WARN_UNINITIALIZED_AUTOS = YES_AGGRESSIVE;
				GCC_WARN_UNUSED_FUNCTION = YES;
				GCC_WARN_UNUSED_VARIABLE = YES;
				IPHONEOS_DEPLOYMENT_TARGET = 11.1;
				MTL_ENABLE_DEBUG_INFO = YES;
				ONLY_ACTIVE_ARCH = YES;
				SDKROOT = iphoneos;
				SWIFT_ACTIVE_COMPILATION_CONDITIONS = DEBUG;
				SWIFT_OPTIMIZATION_LEVEL = "-Onone";
			};
			name = Debug;
		};
		BB16F27F1FC9456600AF2F70 /* Release */ = {
			isa = XCBuildConfiguration;
			buildSettings = {
				ALWAYS_SEARCH_USER_PATHS = NO;
				CLANG_ANALYZER_NONNULL = YES;
				CLANG_ANALYZER_NUMBER_OBJECT_CONVERSION = YES_AGGRESSIVE;
				CLANG_CXX_LANGUAGE_STANDARD = "gnu++14";
				CLANG_CXX_LIBRARY = "libc++";
				CLANG_ENABLE_MODULES = YES;
				CLANG_ENABLE_OBJC_ARC = YES;
				CLANG_WARN_BLOCK_CAPTURE_AUTORELEASING = YES;
				CLANG_WARN_BOOL_CONVERSION = YES;
				CLANG_WARN_COMMA = YES;
				CLANG_WARN_CONSTANT_CONVERSION = YES;
				CLANG_WARN_DIRECT_OBJC_ISA_USAGE = YES_ERROR;
				CLANG_WARN_DOCUMENTATION_COMMENTS = YES;
				CLANG_WARN_EMPTY_BODY = YES;
				CLANG_WARN_ENUM_CONVERSION = YES;
				CLANG_WARN_INFINITE_RECURSION = YES;
				CLANG_WARN_INT_CONVERSION = YES;
				CLANG_WARN_NON_LITERAL_NULL_CONVERSION = YES;
				CLANG_WARN_OBJC_LITERAL_CONVERSION = YES;
				CLANG_WARN_OBJC_ROOT_CLASS = YES_ERROR;
				CLANG_WARN_RANGE_LOOP_ANALYSIS = YES;
				CLANG_WARN_STRICT_PROTOTYPES = YES;
				CLANG_WARN_SUSPICIOUS_MOVE = YES;
				CLANG_WARN_UNGUARDED_AVAILABILITY = YES_AGGRESSIVE;
				CLANG_WARN_UNREACHABLE_CODE = YES;
				CLANG_WARN__DUPLICATE_METHOD_MATCH = YES;
				CODE_SIGN_IDENTITY = "iPhone Developer";
				COPY_PHASE_STRIP = NO;
				DEBUG_INFORMATION_FORMAT = "dwarf-with-dsym";
				ENABLE_NS_ASSERTIONS = NO;
				ENABLE_STRICT_OBJC_MSGSEND = YES;
				GCC_C_LANGUAGE_STANDARD = gnu11;
				GCC_NO_COMMON_BLOCKS = YES;
				GCC_WARN_64_TO_32_BIT_CONVERSION = YES;
				GCC_WARN_ABOUT_RETURN_TYPE = YES_ERROR;
				GCC_WARN_UNDECLARED_SELECTOR = YES;
				GCC_WARN_UNINITIALIZED_AUTOS = YES_AGGRESSIVE;
				GCC_WARN_UNUSED_FUNCTION = YES;
				GCC_WARN_UNUSED_VARIABLE = YES;
				IPHONEOS_DEPLOYMENT_TARGET = 11.1;
				MTL_ENABLE_DEBUG_INFO = NO;
				SDKROOT = iphoneos;
				SWIFT_OPTIMIZATION_LEVEL = "-Owholemodule";
				VALIDATE_PRODUCT = YES;
			};
			name = Release;
		};
		BB16F2811FC9456600AF2F70 /* Debug */ = {
			isa = XCBuildConfiguration;
			baseConfigurationReference = DB5B71C0DB595E64BCA2E353 /* Pods-App.debug.xcconfig */;
			buildSettings = {
				ASSETCATALOG_COMPILER_APPICON_NAME = AppIcon;
				CODE_SIGN_STYLE = Automatic;
				DEVELOPMENT_TEAM = 44Q2J6374R;
				INFOPLIST_FILE = App/Info.plist;
				LD_RUNPATH_SEARCH_PATHS = "$(inherited) @executable_path/Frameworks";
				PRODUCT_BUNDLE_IDENTIFIER = com.remirobert.App;
				PRODUCT_NAME = "$(TARGET_NAME)";
				SWIFT_VERSION = 4.0;
				TARGETED_DEVICE_FAMILY = "1,2";
			};
			name = Debug;
		};
		BB16F2821FC9456600AF2F70 /* Release */ = {
			isa = XCBuildConfiguration;
			baseConfigurationReference = 49B363368DB419F8D4C791A6 /* Pods-App.release.xcconfig */;
			buildSettings = {
				ASSETCATALOG_COMPILER_APPICON_NAME = AppIcon;
				CODE_SIGN_STYLE = Automatic;
				DEVELOPMENT_TEAM = 44Q2J6374R;
				INFOPLIST_FILE = App/Info.plist;
				LD_RUNPATH_SEARCH_PATHS = "$(inherited) @executable_path/Frameworks";
				PRODUCT_BUNDLE_IDENTIFIER = com.remirobert.App;
				PRODUCT_NAME = "$(TARGET_NAME)";
				SWIFT_VERSION = 4.0;
				TARGETED_DEVICE_FAMILY = "1,2";
			};
			name = Release;
		};
/* End XCBuildConfiguration section */

/* Begin XCConfigurationList section */
		BB16F2691FC9456600AF2F70 /* Build configuration list for PBXProject "App" */ = {
			isa = XCConfigurationList;
			buildConfigurations = (
				BB16F27E1FC9456600AF2F70 /* Debug */,
				BB16F27F1FC9456600AF2F70 /* Release */,
			);
			defaultConfigurationIsVisible = 0;
			defaultConfigurationName = Release;
		};
		BB16F2801FC9456600AF2F70 /* Build configuration list for PBXNativeTarget "App" */ = {
			isa = XCConfigurationList;
			buildConfigurations = (
				BB16F2811FC9456600AF2F70 /* Debug */,
				BB16F2821FC9456600AF2F70 /* Release */,
			);
			defaultConfigurationIsVisible = 0;
			defaultConfigurationName = Release;
		};
/* End XCConfigurationList section */
	};
	rootObject = BB16F2661FC9456600AF2F70 /* Project object */;
}
